// !$*UTF8*$!
{
	archiveVersion = 1;
	classes = {
	};
	objectVersion = 52;
	objects = {

/* Begin PBXBuildFile section */
		C0325BEB25B7299B00CA6D0A /* Tests_iOS.swift in Sources */ = {isa = PBXBuildFile; fileRef = C0325BEA25B7299B00CA6D0A /* Tests_iOS.swift */; };
		C0325BF825B7299B00CA6D0A /* MongoRealmExampleApp.swift in Sources */ = {isa = PBXBuildFile; fileRef = C0325BCF25B7299B00CA6D0A /* MongoRealmExampleApp.swift */; };
		C0325BFA25B7299B00CA6D0A /* ContentView.swift in Sources */ = {isa = PBXBuildFile; fileRef = C0325BD025B7299B00CA6D0A /* ContentView.swift */; };
		C0325BFC25B7299B00CA6D0A /* Assets.xcassets in Resources */ = {isa = PBXBuildFile; fileRef = C0325BD125B7299B00CA6D0A /* Assets.xcassets */; };
		C0325C2725B72B2500CA6D0A /* RealmSwift in Frameworks */ = {isa = PBXBuildFile; productRef = C0325C2625B72B2500CA6D0A /* RealmSwift */; };
		C0325C2925B72B2500CA6D0A /* Realm in Frameworks */ = {isa = PBXBuildFile; productRef = C0325C2825B72B2500CA6D0A /* Realm */; };
		C0325C3425B72B8E00CA6D0A /* LoginView.swift in Sources */ = {isa = PBXBuildFile; fileRef = C0325C3325B72B8E00CA6D0A /* LoginView.swift */; };
		C0325C3A25B72BAE00CA6D0A /* LogoutButton.swift in Sources */ = {isa = PBXBuildFile; fileRef = C0325C3925B72BAE00CA6D0A /* LogoutButton.swift */; };
		C0325C4025B72BE600CA6D0A /* ItemsView.swift in Sources */ = {isa = PBXBuildFile; fileRef = C0325C3F25B72BE600CA6D0A /* ItemsView.swift */; };
		C0325C4425B72BF800CA6D0A /* ItemRow.swift in Sources */ = {isa = PBXBuildFile; fileRef = C0325C4325B72BF800CA6D0A /* ItemRow.swift */; };
		C0325C4825B72C0400CA6D0A /* ItemDetailsView.swift in Sources */ = {isa = PBXBuildFile; fileRef = C0325C4725B72C0400CA6D0A /* ItemDetailsView.swift */; };
		C0325C4C25B72C1400CA6D0A /* FavoriteToggle.swift in Sources */ = {isa = PBXBuildFile; fileRef = C0325C4B25B72C1400CA6D0A /* FavoriteToggle.swift */; };
		C0325C5025B72C2A00CA6D0A /* ActivityIndicator.swift in Sources */ = {isa = PBXBuildFile; fileRef = C0325C4F25B72C2A00CA6D0A /* ActivityIndicator.swift */; };
		C0325C5425B72C4000CA6D0A /* AppState.swift in Sources */ = {isa = PBXBuildFile; fileRef = C0325C5325B72C4000CA6D0A /* AppState.swift */; };
		C0325C5A25B72C8A00CA6D0A /* Item.swift in Sources */ = {isa = PBXBuildFile; fileRef = C0325C5925B72C8A00CA6D0A /* Item.swift */; };
		C0325C6225B72CC100CA6D0A /* Group.swift in Sources */ = {isa = PBXBuildFile; fileRef = C0325C6125B72CC100CA6D0A /* Group.swift */; };
/* End PBXBuildFile section */

/* Begin PBXContainerItemProxy section */
		C0325BE725B7299B00CA6D0A /* PBXContainerItemProxy */ = {
			isa = PBXContainerItemProxy;
			containerPortal = C0325BCA25B7299B00CA6D0A /* Project object */;
			proxyType = 1;
			remoteGlobalIDString = C0325BD525B7299B00CA6D0A;
			remoteInfo = "MongoRealmExample (iOS)";
		};
/* End PBXContainerItemProxy section */

/* Begin PBXFileReference section */
		C0325BCF25B7299B00CA6D0A /* MongoRealmExampleApp.swift */ = {isa = PBXFileReference; lastKnownFileType = sourcecode.swift; path = MongoRealmExampleApp.swift; sourceTree = "<group>"; };
		C0325BD025B7299B00CA6D0A /* ContentView.swift */ = {isa = PBXFileReference; lastKnownFileType = sourcecode.swift; path = ContentView.swift; sourceTree = "<group>"; };
		C0325BD125B7299B00CA6D0A /* Assets.xcassets */ = {isa = PBXFileReference; lastKnownFileType = folder.assetcatalog; path = Assets.xcassets; sourceTree = "<group>"; };
		C0325BD625B7299B00CA6D0A /* MongoRealmExample.app */ = {isa = PBXFileReference; explicitFileType = wrapper.application; includeInIndex = 0; path = MongoRealmExample.app; sourceTree = BUILT_PRODUCTS_DIR; };
		C0325BD925B7299B00CA6D0A /* Info.plist */ = {isa = PBXFileReference; lastKnownFileType = text.plist.xml; path = Info.plist; sourceTree = "<group>"; };
		C0325BE625B7299B00CA6D0A /* Tests iOS.xctest */ = {isa = PBXFileReference; explicitFileType = wrapper.cfbundle; includeInIndex = 0; path = "Tests iOS.xctest"; sourceTree = BUILT_PRODUCTS_DIR; };
		C0325BEA25B7299B00CA6D0A /* Tests_iOS.swift */ = {isa = PBXFileReference; lastKnownFileType = sourcecode.swift; path = Tests_iOS.swift; sourceTree = "<group>"; };
		C0325BEC25B7299B00CA6D0A /* Info.plist */ = {isa = PBXFileReference; lastKnownFileType = text.plist.xml; path = Info.plist; sourceTree = "<group>"; };
		C0325C3325B72B8E00CA6D0A /* LoginView.swift */ = {isa = PBXFileReference; lastKnownFileType = sourcecode.swift; path = LoginView.swift; sourceTree = "<group>"; };
		C0325C3925B72BAE00CA6D0A /* LogoutButton.swift */ = {isa = PBXFileReference; lastKnownFileType = sourcecode.swift; path = LogoutButton.swift; sourceTree = "<group>"; };
		C0325C3F25B72BE600CA6D0A /* ItemsView.swift */ = {isa = PBXFileReference; lastKnownFileType = sourcecode.swift; path = ItemsView.swift; sourceTree = "<group>"; };
		C0325C4325B72BF800CA6D0A /* ItemRow.swift */ = {isa = PBXFileReference; lastKnownFileType = sourcecode.swift; path = ItemRow.swift; sourceTree = "<group>"; };
		C0325C4725B72C0400CA6D0A /* ItemDetailsView.swift */ = {isa = PBXFileReference; lastKnownFileType = sourcecode.swift; path = ItemDetailsView.swift; sourceTree = "<group>"; };
		C0325C4B25B72C1400CA6D0A /* FavoriteToggle.swift */ = {isa = PBXFileReference; lastKnownFileType = sourcecode.swift; path = FavoriteToggle.swift; sourceTree = "<group>"; };
		C0325C4F25B72C2A00CA6D0A /* ActivityIndicator.swift */ = {isa = PBXFileReference; lastKnownFileType = sourcecode.swift; path = ActivityIndicator.swift; sourceTree = "<group>"; };
		C0325C5325B72C4000CA6D0A /* AppState.swift */ = {isa = PBXFileReference; lastKnownFileType = sourcecode.swift; path = AppState.swift; sourceTree = "<group>"; };
		C0325C5925B72C8A00CA6D0A /* Item.swift */ = {isa = PBXFileReference; lastKnownFileType = sourcecode.swift; path = Item.swift; sourceTree = "<group>"; };
		C0325C6125B72CC100CA6D0A /* Group.swift */ = {isa = PBXFileReference; lastKnownFileType = sourcecode.swift; path = Group.swift; sourceTree = "<group>"; };
/* End PBXFileReference section */

/* Begin PBXFrameworksBuildPhase section */
		C0325BD325B7299B00CA6D0A /* Frameworks */ = {
			isa = PBXFrameworksBuildPhase;
			buildActionMask = 2147483647;
			files = (
				C0325C2925B72B2500CA6D0A /* Realm in Frameworks */,
				C0325C2725B72B2500CA6D0A /* RealmSwift in Frameworks */,
			);
			runOnlyForDeploymentPostprocessing = 0;
		};
		C0325BE325B7299B00CA6D0A /* Frameworks */ = {
			isa = PBXFrameworksBuildPhase;
			buildActionMask = 2147483647;
			files = (
			);
			runOnlyForDeploymentPostprocessing = 0;
		};
/* End PBXFrameworksBuildPhase section */

/* Begin PBXGroup section */
		C0325BC925B7299B00CA6D0A = {
			isa = PBXGroup;
			children = (
				C0325BCE25B7299B00CA6D0A /* Shared */,
				C0325BD825B7299B00CA6D0A /* iOS */,
				C0325BE925B7299B00CA6D0A /* Tests iOS */,
				C0325BD725B7299B00CA6D0A /* Products */,
			);
			sourceTree = "<group>";
		};
		C0325BCE25B7299B00CA6D0A /* Shared */ = {
			isa = PBXGroup;
			children = (
				C0325BCF25B7299B00CA6D0A /* MongoRealmExampleApp.swift */,
				C0325C5825B72C7F00CA6D0A /* Models */,
				C0325C5725B72C6B00CA6D0A /* Views */,
				C0325BD125B7299B00CA6D0A /* Assets.xcassets */,
			);
			path = Shared;
			sourceTree = "<group>";
		};
		C0325BD725B7299B00CA6D0A /* Products */ = {
			isa = PBXGroup;
			children = (
				C0325BD625B7299B00CA6D0A /* MongoRealmExample.app */,
				C0325BE625B7299B00CA6D0A /* Tests iOS.xctest */,
			);
			name = Products;
			sourceTree = "<group>";
		};
		C0325BD825B7299B00CA6D0A /* iOS */ = {
			isa = PBXGroup;
			children = (
				C0325BD925B7299B00CA6D0A /* Info.plist */,
			);
			path = iOS;
			sourceTree = "<group>";
		};
		C0325BE925B7299B00CA6D0A /* Tests iOS */ = {
			isa = PBXGroup;
			children = (
				C0325BEA25B7299B00CA6D0A /* Tests_iOS.swift */,
				C0325BEC25B7299B00CA6D0A /* Info.plist */,
			);
			path = "Tests iOS";
			sourceTree = "<group>";
		};
		C0325C5725B72C6B00CA6D0A /* Views */ = {
			isa = PBXGroup;
			children = (
				C0325BD025B7299B00CA6D0A /* ContentView.swift */,
				C0325C3325B72B8E00CA6D0A /* LoginView.swift */,
				C0325C3F25B72BE600CA6D0A /* ItemsView.swift */,
				C0325C3925B72BAE00CA6D0A /* LogoutButton.swift */,
				C0325C4325B72BF800CA6D0A /* ItemRow.swift */,
				C0325C4B25B72C1400CA6D0A /* FavoriteToggle.swift */,
				C0325C4725B72C0400CA6D0A /* ItemDetailsView.swift */,
				C0325C4F25B72C2A00CA6D0A /* ActivityIndicator.swift */,
			);
			path = Views;
			sourceTree = "<group>";
		};
		C0325C5825B72C7F00CA6D0A /* Models */ = {
			isa = PBXGroup;
			children = (
				C0325C5325B72C4000CA6D0A /* AppState.swift */,
				C0325C5925B72C8A00CA6D0A /* Item.swift */,
				C0325C6125B72CC100CA6D0A /* Group.swift */,
			);
			path = Models;
			sourceTree = "<group>";
		};
/* End PBXGroup section */

/* Begin PBXNativeTarget section */
		C0325BD525B7299B00CA6D0A /* MongoRealmExample (iOS) */ = {
			isa = PBXNativeTarget;
			buildConfigurationList = C0325C0025B7299B00CA6D0A /* Build configuration list for PBXNativeTarget "MongoRealmExample (iOS)" */;
			buildPhases = (
				C0325BD225B7299B00CA6D0A /* Sources */,
				C0325BD325B7299B00CA6D0A /* Frameworks */,
				C0325BD425B7299B00CA6D0A /* Resources */,
			);
			buildRules = (
			);
			dependencies = (
			);
			name = "MongoRealmExample (iOS)";
			packageProductDependencies = (
				C0325C2625B72B2500CA6D0A /* RealmSwift */,
				C0325C2825B72B2500CA6D0A /* Realm */,
			);
			productName = "MongoRealmExample (iOS)";
			productReference = C0325BD625B7299B00CA6D0A /* MongoRealmExample.app */;
			productType = "com.apple.product-type.application";
		};
		C0325BE525B7299B00CA6D0A /* Tests iOS */ = {
			isa = PBXNativeTarget;
			buildConfigurationList = C0325C0625B7299B00CA6D0A /* Build configuration list for PBXNativeTarget "Tests iOS" */;
			buildPhases = (
				C0325BE225B7299B00CA6D0A /* Sources */,
				C0325BE325B7299B00CA6D0A /* Frameworks */,
				C0325BE425B7299B00CA6D0A /* Resources */,
			);
			buildRules = (
			);
			dependencies = (
				C0325BE825B7299B00CA6D0A /* PBXTargetDependency */,
			);
			name = "Tests iOS";
			productName = "Tests iOS";
			productReference = C0325BE625B7299B00CA6D0A /* Tests iOS.xctest */;
			productType = "com.apple.product-type.bundle.ui-testing";
		};
/* End PBXNativeTarget section */

/* Begin PBXProject section */
		C0325BCA25B7299B00CA6D0A /* Project object */ = {
			isa = PBXProject;
			attributes = {
				LastSwiftUpdateCheck = 1230;
				LastUpgradeCheck = 1230;
				TargetAttributes = {
					C0325BD525B7299B00CA6D0A = {
						CreatedOnToolsVersion = 12.3;
					};
					C0325BE525B7299B00CA6D0A = {
						CreatedOnToolsVersion = 12.3;
						TestTargetID = C0325BD525B7299B00CA6D0A;
					};
				};
			};
			buildConfigurationList = C0325BCD25B7299B00CA6D0A /* Build configuration list for PBXProject "MongoRealmExample" */;
			compatibilityVersion = "Xcode 9.3";
			developmentRegion = en;
			hasScannedForEncodings = 0;
			knownRegions = (
				en,
				Base,
			);
			mainGroup = C0325BC925B7299B00CA6D0A;
			packageReferences = (
				C0325C2525B72B2500CA6D0A /* XCRemoteSwiftPackageReference "realm-cocoa" */,
			);
			productRefGroup = C0325BD725B7299B00CA6D0A /* Products */;
			projectDirPath = "";
			projectRoot = "";
			targets = (
				C0325BD525B7299B00CA6D0A /* MongoRealmExample (iOS) */,
				C0325BE525B7299B00CA6D0A /* Tests iOS */,
			);
		};
/* End PBXProject section */

/* Begin PBXResourcesBuildPhase section */
		C0325BD425B7299B00CA6D0A /* Resources */ = {
			isa = PBXResourcesBuildPhase;
			buildActionMask = 2147483647;
			files = (
				C0325BFC25B7299B00CA6D0A /* Assets.xcassets in Resources */,
			);
			runOnlyForDeploymentPostprocessing = 0;
		};
		C0325BE425B7299B00CA6D0A /* Resources */ = {
			isa = PBXResourcesBuildPhase;
			buildActionMask = 2147483647;
			files = (
			);
			runOnlyForDeploymentPostprocessing = 0;
		};
/* End PBXResourcesBuildPhase section */

/* Begin PBXSourcesBuildPhase section */
		C0325BD225B7299B00CA6D0A /* Sources */ = {
			isa = PBXSourcesBuildPhase;
			buildActionMask = 2147483647;
			files = (
				C0325C4825B72C0400CA6D0A /* ItemDetailsView.swift in Sources */,
				C0325C5425B72C4000CA6D0A /* AppState.swift in Sources */,
				C0325C4C25B72C1400CA6D0A /* FavoriteToggle.swift in Sources */,
				C0325C6225B72CC100CA6D0A /* Group.swift in Sources */,
				C0325BFA25B7299B00CA6D0A /* ContentView.swift in Sources */,
				C0325C3A25B72BAE00CA6D0A /* LogoutButton.swift in Sources */,
				C0325C4025B72BE600CA6D0A /* ItemsView.swift in Sources */,
				C0325C4425B72BF800CA6D0A /* ItemRow.swift in Sources */,
				C0325C3425B72B8E00CA6D0A /* LoginView.swift in Sources */,
				C0325C5025B72C2A00CA6D0A /* ActivityIndicator.swift in Sources */,
				C0325C5A25B72C8A00CA6D0A /* Item.swift in Sources */,
				C0325BF825B7299B00CA6D0A /* MongoRealmExampleApp.swift in Sources */,
			);
			runOnlyForDeploymentPostprocessing = 0;
		};
		C0325BE225B7299B00CA6D0A /* Sources */ = {
			isa = PBXSourcesBuildPhase;
			buildActionMask = 2147483647;
			files = (
				C0325BEB25B7299B00CA6D0A /* Tests_iOS.swift in Sources */,
			);
			runOnlyForDeploymentPostprocessing = 0;
		};
/* End PBXSourcesBuildPhase section */

/* Begin PBXTargetDependency section */
		C0325BE825B7299B00CA6D0A /* PBXTargetDependency */ = {
			isa = PBXTargetDependency;
			target = C0325BD525B7299B00CA6D0A /* MongoRealmExample (iOS) */;
			targetProxy = C0325BE725B7299B00CA6D0A /* PBXContainerItemProxy */;
		};
/* End PBXTargetDependency section */

/* Begin XCBuildConfiguration section */
		C0325BFE25B7299B00CA6D0A /* Debug */ = {
			isa = XCBuildConfiguration;
			buildSettings = {
				ALWAYS_SEARCH_USER_PATHS = NO;
				CLANG_ANALYZER_NONNULL = YES;
				CLANG_ANALYZER_NUMBER_OBJECT_CONVERSION = YES_AGGRESSIVE;
				CLANG_CXX_LANGUAGE_STANDARD = "gnu++14";
				CLANG_CXX_LIBRARY = "libc++";
				CLANG_ENABLE_MODULES = YES;
				CLANG_ENABLE_OBJC_ARC = YES;
				CLANG_ENABLE_OBJC_WEAK = YES;
				CLANG_WARN_BLOCK_CAPTURE_AUTORELEASING = YES;
				CLANG_WARN_BOOL_CONVERSION = YES;
				CLANG_WARN_COMMA = YES;
				CLANG_WARN_CONSTANT_CONVERSION = YES;
				CLANG_WARN_DEPRECATED_OBJC_IMPLEMENTATIONS = YES;
				CLANG_WARN_DIRECT_OBJC_ISA_USAGE = YES_ERROR;
				CLANG_WARN_DOCUMENTATION_COMMENTS = YES;
				CLANG_WARN_EMPTY_BODY = YES;
				CLANG_WARN_ENUM_CONVERSION = YES;
				CLANG_WARN_INFINITE_RECURSION = YES;
				CLANG_WARN_INT_CONVERSION = YES;
				CLANG_WARN_NON_LITERAL_NULL_CONVERSION = YES;
				CLANG_WARN_OBJC_IMPLICIT_RETAIN_SELF = YES;
				CLANG_WARN_OBJC_LITERAL_CONVERSION = YES;
				CLANG_WARN_OBJC_ROOT_CLASS = YES_ERROR;
				CLANG_WARN_QUOTED_INCLUDE_IN_FRAMEWORK_HEADER = YES;
				CLANG_WARN_RANGE_LOOP_ANALYSIS = YES;
				CLANG_WARN_STRICT_PROTOTYPES = YES;
				CLANG_WARN_SUSPICIOUS_MOVE = YES;
				CLANG_WARN_UNGUARDED_AVAILABILITY = YES_AGGRESSIVE;
				CLANG_WARN_UNREACHABLE_CODE = YES;
				CLANG_WARN__DUPLICATE_METHOD_MATCH = YES;
				COPY_PHASE_STRIP = NO;
				DEBUG_INFORMATION_FORMAT = dwarf;
				ENABLE_STRICT_OBJC_MSGSEND = YES;
				ENABLE_TESTABILITY = YES;
				GCC_C_LANGUAGE_STANDARD = gnu11;
				GCC_DYNAMIC_NO_PIC = NO;
				GCC_NO_COMMON_BLOCKS = YES;
				GCC_OPTIMIZATION_LEVEL = 0;
				GCC_PREPROCESSOR_DEFINITIONS = (
					"DEBUG=1",
					"$(inherited)",
				);
				GCC_WARN_64_TO_32_BIT_CONVERSION = YES;
				GCC_WARN_ABOUT_RETURN_TYPE = YES_ERROR;
				GCC_WARN_UNDECLARED_SELECTOR = YES;
				GCC_WARN_UNINITIALIZED_AUTOS = YES_AGGRESSIVE;
				GCC_WARN_UNUSED_FUNCTION = YES;
				GCC_WARN_UNUSED_VARIABLE = YES;
				IPHONEOS_DEPLOYMENT_TARGET = 14.0;
				MTL_ENABLE_DEBUG_INFO = INCLUDE_SOURCE;
				MTL_FAST_MATH = YES;
				ONLY_ACTIVE_ARCH = YES;
				SWIFT_ACTIVE_COMPILATION_CONDITIONS = DEBUG;
				SWIFT_OPTIMIZATION_LEVEL = "-Onone";
			};
			name = Debug;
		};
		C0325BFF25B7299B00CA6D0A /* Release */ = {
			isa = XCBuildConfiguration;
			buildSettings = {
				ALWAYS_SEARCH_USER_PATHS = NO;
				CLANG_ANALYZER_NONNULL = YES;
				CLANG_ANALYZER_NUMBER_OBJECT_CONVERSION = YES_AGGRESSIVE;
				CLANG_CXX_LANGUAGE_STANDARD = "gnu++14";
				CLANG_CXX_LIBRARY = "libc++";
				CLANG_ENABLE_MODULES = YES;
				CLANG_ENABLE_OBJC_ARC = YES;
				CLANG_ENABLE_OBJC_WEAK = YES;
				CLANG_WARN_BLOCK_CAPTURE_AUTORELEASING = YES;
				CLANG_WARN_BOOL_CONVERSION = YES;
				CLANG_WARN_COMMA = YES;
				CLANG_WARN_CONSTANT_CONVERSION = YES;
				CLANG_WARN_DEPRECATED_OBJC_IMPLEMENTATIONS = YES;
				CLANG_WARN_DIRECT_OBJC_ISA_USAGE = YES_ERROR;
				CLANG_WARN_DOCUMENTATION_COMMENTS = YES;
				CLANG_WARN_EMPTY_BODY = YES;
				CLANG_WARN_ENUM_CONVERSION = YES;
				CLANG_WARN_INFINITE_RECURSION = YES;
				CLANG_WARN_INT_CONVERSION = YES;
				CLANG_WARN_NON_LITERAL_NULL_CONVERSION = YES;
				CLANG_WARN_OBJC_IMPLICIT_RETAIN_SELF = YES;
				CLANG_WARN_OBJC_LITERAL_CONVERSION = YES;
				CLANG_WARN_OBJC_ROOT_CLASS = YES_ERROR;
				CLANG_WARN_QUOTED_INCLUDE_IN_FRAMEWORK_HEADER = YES;
				CLANG_WARN_RANGE_LOOP_ANALYSIS = YES;
				CLANG_WARN_STRICT_PROTOTYPES = YES;
				CLANG_WARN_SUSPICIOUS_MOVE = YES;
				CLANG_WARN_UNGUARDED_AVAILABILITY = YES_AGGRESSIVE;
				CLANG_WARN_UNREACHABLE_CODE = YES;
				CLANG_WARN__DUPLICATE_METHOD_MATCH = YES;
				COPY_PHASE_STRIP = NO;
				DEBUG_INFORMATION_FORMAT = "dwarf-with-dsym";
				ENABLE_NS_ASSERTIONS = NO;
				ENABLE_STRICT_OBJC_MSGSEND = YES;
				GCC_C_LANGUAGE_STANDARD = gnu11;
				GCC_NO_COMMON_BLOCKS = YES;
				GCC_WARN_64_TO_32_BIT_CONVERSION = YES;
				GCC_WARN_ABOUT_RETURN_TYPE = YES_ERROR;
				GCC_WARN_UNDECLARED_SELECTOR = YES;
				GCC_WARN_UNINITIALIZED_AUTOS = YES_AGGRESSIVE;
				GCC_WARN_UNUSED_FUNCTION = YES;
				GCC_WARN_UNUSED_VARIABLE = YES;
				IPHONEOS_DEPLOYMENT_TARGET = 14.0;
				MTL_ENABLE_DEBUG_INFO = NO;
				MTL_FAST_MATH = YES;
				SWIFT_COMPILATION_MODE = wholemodule;
				SWIFT_OPTIMIZATION_LEVEL = "-O";
			};
			name = Release;
		};
		C0325C0125B7299B00CA6D0A /* Debug */ = {
			isa = XCBuildConfiguration;
			buildSettings = {
				ASSETCATALOG_COMPILER_APPICON_NAME = AppIcon;
				ASSETCATALOG_COMPILER_GLOBAL_ACCENT_COLOR_NAME = AccentColor;
				CODE_SIGN_STYLE = Automatic;
				ENABLE_PREVIEWS = YES;
				INFOPLIST_FILE = iOS/Info.plist;
				IPHONEOS_DEPLOYMENT_TARGET = 14.0;
				LD_RUNPATH_SEARCH_PATHS = (
					"$(inherited)",
					"@executable_path/Frameworks",
				);
				PRODUCT_BUNDLE_IDENTIFIER = mogoni.dev.MongoRealmExample;
				PRODUCT_NAME = MongoRealmExample;
				SDKROOT = iphoneos;
				SWIFT_VERSION = 5.0;
				TARGETED_DEVICE_FAMILY = "1,2";
			};
			name = Debug;
		};
		C0325C0225B7299B00CA6D0A /* Release */ = {
			isa = XCBuildConfiguration;
			buildSettings = {
				ASSETCATALOG_COMPILER_APPICON_NAME = AppIcon;
				ASSETCATALOG_COMPILER_GLOBAL_ACCENT_COLOR_NAME = AccentColor;
				CODE_SIGN_STYLE = Automatic;
				ENABLE_PREVIEWS = YES;
				INFOPLIST_FILE = iOS/Info.plist;
				IPHONEOS_DEPLOYMENT_TARGET = 14.0;
				LD_RUNPATH_SEARCH_PATHS = (
					"$(inherited)",
					"@executable_path/Frameworks",
				);
				PRODUCT_BUNDLE_IDENTIFIER = mogoni.dev.MongoRealmExample;
				PRODUCT_NAME = MongoRealmExample;
				SDKROOT = iphoneos;
				SWIFT_VERSION = 5.0;
				TARGETED_DEVICE_FAMILY = "1,2";
				VALIDATE_PRODUCT = YES;
			};
			name = Release;
		};
		C0325C0725B7299B00CA6D0A /* Debug */ = {
			isa = XCBuildConfiguration;
			buildSettings = {
				ALWAYS_EMBED_SWIFT_STANDARD_LIBRARIES = YES;
				CODE_SIGN_STYLE = Automatic;
				INFOPLIST_FILE = "Tests iOS/Info.plist";
				IPHONEOS_DEPLOYMENT_TARGET = 14.3;
				LD_RUNPATH_SEARCH_PATHS = (
					"$(inherited)",
					"@executable_path/Frameworks",
					"@loader_path/Frameworks",
				);
				PRODUCT_BUNDLE_IDENTIFIER = "mogoni.dev.Tests-iOS";
				PRODUCT_NAME = "$(TARGET_NAME)";
				SDKROOT = iphoneos;
				SWIFT_VERSION = 5.0;
				TARGETED_DEVICE_FAMILY = "1,2";
				TEST_TARGET_NAME = "MongoRealmExample (iOS)";
			};
			name = Debug;
		};
		C0325C0825B7299B00CA6D0A /* Release */ = {
			isa = XCBuildConfiguration;
			buildSettings = {
				ALWAYS_EMBED_SWIFT_STANDARD_LIBRARIES = YES;
				CODE_SIGN_STYLE = Automatic;
				INFOPLIST_FILE = "Tests iOS/Info.plist";
				IPHONEOS_DEPLOYMENT_TARGET = 14.3;
				LD_RUNPATH_SEARCH_PATHS = (
					"$(inherited)",
					"@executable_path/Frameworks",
					"@loader_path/Frameworks",
				);
				PRODUCT_BUNDLE_IDENTIFIER = "mogoni.dev.Tests-iOS";
				PRODUCT_NAME = "$(TARGET_NAME)";
				SDKROOT = iphoneos;
				SWIFT_VERSION = 5.0;
				TARGETED_DEVICE_FAMILY = "1,2";
				TEST_TARGET_NAME = "MongoRealmExample (iOS)";
				VALIDATE_PRODUCT = YES;
			};
			name = Release;
		};
/* End XCBuildConfiguration section */

/* Begin XCConfigurationList section */
		C0325BCD25B7299B00CA6D0A /* Build configuration list for PBXProject "MongoRealmExample" */ = {
			isa = XCConfigurationList;
			buildConfigurations = (
				C0325BFE25B7299B00CA6D0A /* Debug */,
				C0325BFF25B7299B00CA6D0A /* Release */,
			);
			defaultConfigurationIsVisible = 0;
			defaultConfigurationName = Release;
		};
		C0325C0025B7299B00CA6D0A /* Build configuration list for PBXNativeTarget "MongoRealmExample (iOS)" */ = {
			isa = XCConfigurationList;
			buildConfigurations = (
				C0325C0125B7299B00CA6D0A /* Debug */,
				C0325C0225B7299B00CA6D0A /* Release */,
			);
			defaultConfigurationIsVisible = 0;
			defaultConfigurationName = Release;
		};
		C0325C0625B7299B00CA6D0A /* Build configuration list for PBXNativeTarget "Tests iOS" */ = {
			isa = XCConfigurationList;
			buildConfigurations = (
				C0325C0725B7299B00CA6D0A /* Debug */,
				C0325C0825B7299B00CA6D0A /* Release */,
			);
			defaultConfigurationIsVisible = 0;
			defaultConfigurationName = Release;
		};
/* End XCConfigurationList section */

/* Begin XCRemoteSwiftPackageReference section */
		C0325C2525B72B2500CA6D0A /* XCRemoteSwiftPackageReference "realm-cocoa" */ = {
			isa = XCRemoteSwiftPackageReference;
			repositoryURL = "https://github.com/realm/realm-cocoa.git";
			requirement = {
				kind = upToNextMajorVersion;
				minimumVersion = 10.5.1;
			};
		};
/* End XCRemoteSwiftPackageReference section */

/* Begin XCSwiftPackageProductDependency section */
		C0325C2625B72B2500CA6D0A /* RealmSwift */ = {
			isa = XCSwiftPackageProductDependency;
			package = C0325C2525B72B2500CA6D0A /* XCRemoteSwiftPackageReference "realm-cocoa" */;
			productName = RealmSwift;
		};
		C0325C2825B72B2500CA6D0A /* Realm */ = {
			isa = XCSwiftPackageProductDependency;
			package = C0325C2525B72B2500CA6D0A /* XCRemoteSwiftPackageReference "realm-cocoa" */;
			productName = Realm;
		};
/* End XCSwiftPackageProductDependency section */
	};
	rootObject = C0325BCA25B7299B00CA6D0A /* Project object */;
}
